
Microsoft Visual Studio Solution File, Format Version 12.00
# Visual Studio Version 17
VisualStudioVersion = 17.13.35828.75 d17.13
MinimumVisualStudioVersion = 10.0.40219.1
Project("{FAE04EC0-301F-11D3-BF4B-00C04F79EFBC}") = "23521005_APIExtracting", "23521005_APIExtracting\23521005_APIExtracting.csproj", "{119C0BFE-A213-4B1F-B432-AC7AF3F5B96C}"
EndProject
Global
	GlobalSection(SolutionConfigurationPlatforms) = preSolution
		Debug|Any CPU = Debug|Any CPU
		Release|Any CPU = Release|Any CPU
	EndGlobalSection
	GlobalSection(ProjectConfigurationPlatforms) = postSolution
		{119C0BFE-A213-4B1F-B432-AC7AF3F5B96C}.Debug|Any CPU.ActiveCfg = Debug|Any CPU
		{119C0BFE-A213-4B1F-B432-AC7AF3F5B96C}.Debug|Any CPU.Build.0 = Debug|Any CPU
		{119C0BFE-A213-4B1F-B432-AC7AF3F5B96C}.Release|Any CPU.ActiveCfg = Release|Any CPU
		{119C0BFE-A213-4B1F-B432-AC7AF3F5B96C}.Release|Any CPU.Build.0 = Release|Any CPU
	EndGlobalSection
	GlobalSection(SolutionProperties) = preSolution
		HideSolutionNode = FALSE
	EndGlobalSection
	GlobalSection(ExtensibilityGlobals) = postSolution
		SolutionGuid = {6FAE1D7C-D26A-47FB-B42E-32C4D221BDDB}
	EndGlobalSection
EndGlobal
